
Microsoft Visual Studio Solution File, Format Version 12.00
# Visual Studio Version 17
VisualStudioVersion = 17.5.33424.131
MinimumVisualStudioVersion = 10.0.40219.1
Project("{FAE04EC0-301F-11D3-BF4B-00C04F79EFBC}") = "CloudWatchLogSample", "CloudWatchLogSample\CloudWatchLogSample.csproj", "{7A2EAAFC-2FB3-445B-9953-972384E5654D}"
EndProject
Global
	GlobalSection(SolutionConfigurationPlatforms) = preSolution
		Debug|Any CPU = Debug|Any CPU
		Release|Any CPU = Release|Any CPU
	EndGlobalSection
	GlobalSection(ProjectConfigurationPlatforms) = postSolution
		{7A2EAAFC-2FB3-445B-9953-972384E5654D}.Debug|Any CPU.ActiveCfg = Debug|Any CPU
		{7A2EAAFC-2FB3-445B-9953-972384E5654D}.Debug|Any CPU.Build.0 = Debug|Any CPU
		{7A2EAAFC-2FB3-445B-9953-972384E5654D}.Release|Any CPU.ActiveCfg = Release|Any CPU
		{7A2EAAFC-2FB3-445B-9953-972384E5654D}.Release|Any CPU.Build.0 = Release|Any CPU
	EndGlobalSection
	GlobalSection(SolutionProperties) = preSolution
		HideSolutionNode = FALSE
	EndGlobalSection
	GlobalSection(ExtensibilityGlobals) = postSolution
		SolutionGuid = {E24A3516-9E3B-4747-B0D3-436ADDB4DBD5}
	EndGlobalSection
EndGlobal
